{
  "name": "master-postgress",
  "version": "1.0.0",
  "lockfileVersion": 3,
  "requires": true,
  "packages": {
    "": {
      "name": "master-postgress",
      "version": "1.0.0",
      "license": "ISC",
      "dependencies": {
        "@electric-sql/pglite": "^0.5.3"
      }
    },
    "node_modules/@electric-sql/pglite": {
      "version": "0.5.3",
      "resolved": "https://registry.npmjs.org/@electric-sql/pglite/-/pglite-0.5.3.tgz",
      "integrity": "sha512-iTTYbA5Uesrl+N7zss0J5LopT7KE4j9aymYo+EZZh+rZbARQCUQOs+n2pay64JRUpc3fCkpfrniTNJnvYzOE+g==",
      "license": "Apache-2.0"
    }
  }
}
